
Microsoft Visual Studio Solution File, Format Version 12.00
# Visual Studio Version 17
VisualStudioVersion = 17.3.32922.545
MinimumVisualStudioVersion = 10.0.40219.1
Project("{9A19103F-16F7-4668-BE54-9A1E7A4F7556}") = "BookStoreApp.API", "BookStoreApp.API\BookStoreApp.API.csproj", "{6261958D-E4D1-4387-830A-204F7AE02B93}"
EndProject
Project("{9A19103F-16F7-4668-BE54-9A1E7A4F7556}") = "BookStoreApp.Blazor.Server.UI", "BookStoreApp.Blazor.Server.UI\BookStoreApp.Blazor.Server.UI.csproj", "{DBC723F2-C4AE-4628-9D5B-3C0E55704F75}"
EndProject
Global
	GlobalSection(SolutionConfigurationPlatforms) = preSolution
		Debug|Any CPU = Debug|Any CPU
		Release|Any CPU = Release|Any CPU
	EndGlobalSection
	GlobalSection(ProjectConfigurationPlatforms) = postSolution
		{6261958D-E4D1-4387-830A-204F7AE02B93}.Debug|Any CPU.ActiveCfg = Debug|Any CPU
		{6261958D-E4D1-4387-830A-204F7AE02B93}.Debug|Any CPU.Build.0 = Debug|Any CPU
		{6261958D-E4D1-4387-830A-204F7AE02B93}.Release|Any CPU.ActiveCfg = Release|Any CPU
		{6261958D-E4D1-4387-830A-204F7AE02B93}.Release|Any CPU.Build.0 = Release|Any CPU
		{DBC723F2-C4AE-4628-9D5B-3C0E55704F75}.Debug|Any CPU.ActiveCfg = Debug|Any CPU
		{DBC723F2-C4AE-4628-9D5B-3C0E55704F75}.Debug|Any CPU.Build.0 = Debug|Any CPU
		{DBC723F2-C4AE-4628-9D5B-3C0E55704F75}.Release|Any CPU.ActiveCfg = Release|Any CPU
		{DBC723F2-C4AE-4628-9D5B-3C0E55704F75}.Release|Any CPU.Build.0 = Release|Any CPU
	EndGlobalSection
	GlobalSection(SolutionProperties) = preSolution
		HideSolutionNode = FALSE
	EndGlobalSection
	GlobalSection(ExtensibilityGlobals) = postSolution
		SolutionGuid = {8C1BF282-4F86-4EE7-845F-5AD3430AA31D}
	EndGlobalSection
EndGlobal
